{
  "version": "4",
  "specifiers": {
    "jsr:@std/assert@*": "1.0.6",
    "jsr:@std/internal@^1.0.4": "1.0.5",
    "npm:@types/wgs84@^0.0.2": "0.0.2",
    "npm:wgs84@^0.0.0": "0.0.0"
  },
  "jsr": {
    "@std/assert@1.0.6": {
      "integrity": "1904c05806a25d94fe791d6d883b685c9e2dcd60e4f9fc30f4fc5cf010c72207",
      "dependencies": [
        "jsr:@std/internal"
      ]
    },
    "@std/internal@1.0.5": {
      "integrity": "54a546004f769c1ac9e025abd15a76b6671ddc9687e2313b67376125650dc7ba"
    }
  },
  "npm": {
    "@types/wgs84@0.0.2": {
      "integrity": "sha512-c/rWXkVuf3V491Ge8IT8TbJgEJLitW4s3cdwvvqZpobmtAgkydz+3k6koey/Ntm1Txh0NQTeRuQOLkFfgxZiEw=="
    },
    "wgs84@0.0.0": {
      "integrity": "sha512-ANHlY4Rb5kHw40D0NJ6moaVfOCMrp9Gpd1R/AIQYg2ko4/jzcJ+TVXYYF6kXJqQwITvEZP4yEthjM7U6rYlljQ=="
    }
  },
  "workspace": {
    "dependencies": [
      "npm:@types/wgs84@^0.0.2",
      "npm:wgs84@^0.0.0"
    ]
  }
}
